
Microsoft Visual Studio Solution File, Format Version 12.00
Project("{FAE04EC0-301F-11D3-BF4B-00C04F79EFBC}") = "PresenceMonitor", "PresenceMonitor\PresenceMonitor.csproj", "{4A443F8B-031C-4053-BBA2-11804703CFED}"
EndProject
Project("{FAE04EC0-301F-11D3-BF4B-00C04F79EFBC}") = "PresenceMonitor.UseCases", "PresenceMonitor.UseCases\PresenceMonitor.UseCases.csproj", "{1C64759E-CE49-4A86-9B36-276CDF6AA8FA}"
EndProject
Project("{FAE04EC0-301F-11D3-BF4B-00C04F79EFBC}") = "PresenceMonitor.UseCases.Abstractions", "PresenceMonitor.UseCases.Abstractions\PresenceMonitor.UseCases.Abstractions.csproj", "{0DAA51B6-98FD-4ACC-9788-5BAE7C32395D}"
EndProject
Project("{FAE04EC0-301F-11D3-BF4B-00C04F79EFBC}") = "PresenceMonitor.Worker", "PresenceMonitor.Worker\PresenceMonitor.Worker.csproj", "{FEF296BE-30F4-4634-90E6-D174A8ED9DB0}"
EndProject
Project("{FAE04EC0-301F-11D3-BF4B-00C04F79EFBC}") = "PresenceMonitor.Messaging.Abstractions", "PresenceMonitor.Messaging.Abstractions\PresenceMonitor.Messaging.Abstractions.csproj", "{DD5B98C6-E452-4CD3-A2B9-7B63D4EA2E60}"
EndProject
Project("{FAE04EC0-301F-11D3-BF4B-00C04F79EFBC}") = "PresenceMonitor.Messaging.Mqtt", "PresenceMonitor.Messaging.Mqtt\PresenceMonitor.Messaging.Mqtt.csproj", "{C3379A82-5D2F-480D-9083-7EF324FB08D8}"
EndProject
Project("{FAE04EC0-301F-11D3-BF4B-00C04F79EFBC}") = "PresenceMonitor.Worker.Test.Integration", "PresenceMonitor.Worker.Test.Integration\PresenceMonitor.Worker.Test.Integration.csproj", "{897490D4-30FC-437B-8C3F-B1CF50634ACB}"
EndProject
Global
	GlobalSection(SolutionConfigurationPlatforms) = preSolution
		Debug|Any CPU = Debug|Any CPU
		Release|Any CPU = Release|Any CPU
	EndGlobalSection
	GlobalSection(ProjectConfigurationPlatforms) = postSolution
		{4A443F8B-031C-4053-BBA2-11804703CFED}.Debug|Any CPU.ActiveCfg = Debug|Any CPU
		{4A443F8B-031C-4053-BBA2-11804703CFED}.Debug|Any CPU.Build.0 = Debug|Any CPU
		{4A443F8B-031C-4053-BBA2-11804703CFED}.Release|Any CPU.ActiveCfg = Release|Any CPU
		{4A443F8B-031C-4053-BBA2-11804703CFED}.Release|Any CPU.Build.0 = Release|Any CPU
		{1C64759E-CE49-4A86-9B36-276CDF6AA8FA}.Debug|Any CPU.ActiveCfg = Debug|Any CPU
		{1C64759E-CE49-4A86-9B36-276CDF6AA8FA}.Debug|Any CPU.Build.0 = Debug|Any CPU
		{1C64759E-CE49-4A86-9B36-276CDF6AA8FA}.Release|Any CPU.ActiveCfg = Release|Any CPU
		{1C64759E-CE49-4A86-9B36-276CDF6AA8FA}.Release|Any CPU.Build.0 = Release|Any CPU
		{0DAA51B6-98FD-4ACC-9788-5BAE7C32395D}.Debug|Any CPU.ActiveCfg = Debug|Any CPU
		{0DAA51B6-98FD-4ACC-9788-5BAE7C32395D}.Debug|Any CPU.Build.0 = Debug|Any CPU
		{0DAA51B6-98FD-4ACC-9788-5BAE7C32395D}.Release|Any CPU.ActiveCfg = Release|Any CPU
		{0DAA51B6-98FD-4ACC-9788-5BAE7C32395D}.Release|Any CPU.Build.0 = Release|Any CPU
		{FEF296BE-30F4-4634-90E6-D174A8ED9DB0}.Debug|Any CPU.ActiveCfg = Debug|Any CPU
		{FEF296BE-30F4-4634-90E6-D174A8ED9DB0}.Debug|Any CPU.Build.0 = Debug|Any CPU
		{FEF296BE-30F4-4634-90E6-D174A8ED9DB0}.Release|Any CPU.ActiveCfg = Release|Any CPU
		{FEF296BE-30F4-4634-90E6-D174A8ED9DB0}.Release|Any CPU.Build.0 = Release|Any CPU
		{DD5B98C6-E452-4CD3-A2B9-7B63D4EA2E60}.Debug|Any CPU.ActiveCfg = Debug|Any CPU
		{DD5B98C6-E452-4CD3-A2B9-7B63D4EA2E60}.Debug|Any CPU.Build.0 = Debug|Any CPU
		{DD5B98C6-E452-4CD3-A2B9-7B63D4EA2E60}.Release|Any CPU.ActiveCfg = Release|Any CPU
		{DD5B98C6-E452-4CD3-A2B9-7B63D4EA2E60}.Release|Any CPU.Build.0 = Release|Any CPU
		{C3379A82-5D2F-480D-9083-7EF324FB08D8}.Debug|Any CPU.ActiveCfg = Debug|Any CPU
		{C3379A82-5D2F-480D-9083-7EF324FB08D8}.Debug|Any CPU.Build.0 = Debug|Any CPU
		{C3379A82-5D2F-480D-9083-7EF324FB08D8}.Release|Any CPU.ActiveCfg = Release|Any CPU
		{C3379A82-5D2F-480D-9083-7EF324FB08D8}.Release|Any CPU.Build.0 = Release|Any CPU
		{897490D4-30FC-437B-8C3F-B1CF50634ACB}.Debug|Any CPU.ActiveCfg = Debug|Any CPU
		{897490D4-30FC-437B-8C3F-B1CF50634ACB}.Debug|Any CPU.Build.0 = Debug|Any CPU
		{897490D4-30FC-437B-8C3F-B1CF50634ACB}.Release|Any CPU.ActiveCfg = Release|Any CPU
		{897490D4-30FC-437B-8C3F-B1CF50634ACB}.Release|Any CPU.Build.0 = Release|Any CPU
	EndGlobalSection
EndGlobal
