
Microsoft Visual Studio Solution File, Format Version 12.00
Project("{FAE04EC0-301F-11D3-BF4B-00C04F79EFBC}") = "PresenceMonitor", "PresenceMonitor\PresenceMonitor.csproj", "{9A5E2514-E56E-4F46-9547-2E7D0A44C4F8}"
EndProject
Project("{FAE04EC0-301F-11D3-BF4B-00C04F79EFBC}") = "PresenceMonitor.Messaging.Abstractions", "PresenceMonitor.Messaging.Abstractions\PresenceMonitor.Messaging.Abstractions.csproj", "{68E0B641-5074-4365-A8E3-188B18CE241A}"
EndProject
Project("{FAE04EC0-301F-11D3-BF4B-00C04F79EFBC}") = "PresenceMonitor.Messaging.Dapr", "PresenceMonitor.Messaging.Dapr\PresenceMonitor.Messaging.Dapr.csproj", "{3A710E8B-A657-4462-8849-644E680647FD}"
EndProject
Project("{FAE04EC0-301F-11D3-BF4B-00C04F79EFBC}") = "PresenceMonitor.Worker", "PresenceMonitor.Worker\PresenceMonitor.Worker.csproj", "{CA629F7E-1F4E-4B92-860B-3094C7892D36}"
EndProject
Project("{FAE04EC0-301F-11D3-BF4B-00C04F79EFBC}") = "PresenceMonitor.UseCases.Abstractions", "PresenceMonitor.UseCases.Abstractions\PresenceMonitor.UseCases.Abstractions.csproj", "{49F248DE-29F6-4A88-9CBE-4883F8D81011}"
EndProject
Project("{FAE04EC0-301F-11D3-BF4B-00C04F79EFBC}") = "PresenceMonitor.UseCases", "PresenceMonitor.UseCases\PresenceMonitor.UseCases.csproj", "{41125622-B5BB-47EC-A85B-EA5B5CE897B6}"
EndProject
Project("{FAE04EC0-301F-11D3-BF4B-00C04F79EFBC}") = "PresenceMonitor.Worker.Test.Integration", "PresenceMonitor.Worker.Test.Integration\PresenceMonitor.Worker.Test.Integration.csproj", "{9A2E97C7-E68D-4EEB-A9DE-58570C7BE4E5}"
EndProject
Project("{FAE04EC0-301F-11D3-BF4B-00C04F79EFBC}") = "PresenceMonitor.Services.Abstractions", "PresenceMonitor.Services.Abstractions\PresenceMonitor.Services.Abstractions.csproj", "{623BE8A2-D567-49B9-BD57-7C3DDBDF67CC}"
EndProject
Project("{FAE04EC0-301F-11D3-BF4B-00C04F79EFBC}") = "PresenceMonitor.Services", "PresenceMonitor.Services\PresenceMonitor.Services.csproj", "{82D8FB6C-34D2-43E8-9AC5-42C421A7EF5B}"
EndProject
Project("{FAE04EC0-301F-11D3-BF4B-00C04F79EFBC}") = "PresenceMonitor.Services.Test.Unit", "PresenceMonitor.Services.Test.Unit\PresenceMonitor.Services.Test.Unit.csproj", "{CCB2B42A-97FA-4FBD-825C-CA0B12D43065}"
EndProject
Project("{FAE04EC0-301F-11D3-BF4B-00C04F79EFBC}") = "PresenceMonitor.UseCases.Test.Unit", "PresenceMonitor.UseCases.Test.Unit\PresenceMonitor.UseCases.Test.Unit.csproj", "{DF586250-191E-485C-923F-E94D2AD4B04E}"
EndProject
Project("{FAE04EC0-301F-11D3-BF4B-00C04F79EFBC}") = "PresenceMonitor.Utilities", "PresenceMonitor.Utilities\PresenceMonitor.Utilities.csproj", "{6EBEBB16-8685-426D-ABD4-8D5AEA010FA4}"
EndProject
Global
	GlobalSection(SolutionConfigurationPlatforms) = preSolution
		Debug|Any CPU = Debug|Any CPU
		Release|Any CPU = Release|Any CPU
	EndGlobalSection
	GlobalSection(ProjectConfigurationPlatforms) = postSolution
		{9A5E2514-E56E-4F46-9547-2E7D0A44C4F8}.Debug|Any CPU.ActiveCfg = Debug|Any CPU
		{9A5E2514-E56E-4F46-9547-2E7D0A44C4F8}.Debug|Any CPU.Build.0 = Debug|Any CPU
		{9A5E2514-E56E-4F46-9547-2E7D0A44C4F8}.Release|Any CPU.ActiveCfg = Release|Any CPU
		{9A5E2514-E56E-4F46-9547-2E7D0A44C4F8}.Release|Any CPU.Build.0 = Release|Any CPU
		{68E0B641-5074-4365-A8E3-188B18CE241A}.Debug|Any CPU.ActiveCfg = Debug|Any CPU
		{68E0B641-5074-4365-A8E3-188B18CE241A}.Debug|Any CPU.Build.0 = Debug|Any CPU
		{68E0B641-5074-4365-A8E3-188B18CE241A}.Release|Any CPU.ActiveCfg = Release|Any CPU
		{68E0B641-5074-4365-A8E3-188B18CE241A}.Release|Any CPU.Build.0 = Release|Any CPU
		{3A710E8B-A657-4462-8849-644E680647FD}.Debug|Any CPU.ActiveCfg = Debug|Any CPU
		{3A710E8B-A657-4462-8849-644E680647FD}.Debug|Any CPU.Build.0 = Debug|Any CPU
		{3A710E8B-A657-4462-8849-644E680647FD}.Release|Any CPU.ActiveCfg = Release|Any CPU
		{3A710E8B-A657-4462-8849-644E680647FD}.Release|Any CPU.Build.0 = Release|Any CPU
		{CA629F7E-1F4E-4B92-860B-3094C7892D36}.Debug|Any CPU.ActiveCfg = Debug|Any CPU
		{CA629F7E-1F4E-4B92-860B-3094C7892D36}.Debug|Any CPU.Build.0 = Debug|Any CPU
		{CA629F7E-1F4E-4B92-860B-3094C7892D36}.Release|Any CPU.ActiveCfg = Release|Any CPU
		{CA629F7E-1F4E-4B92-860B-3094C7892D36}.Release|Any CPU.Build.0 = Release|Any CPU
		{49F248DE-29F6-4A88-9CBE-4883F8D81011}.Debug|Any CPU.ActiveCfg = Debug|Any CPU
		{49F248DE-29F6-4A88-9CBE-4883F8D81011}.Debug|Any CPU.Build.0 = Debug|Any CPU
		{49F248DE-29F6-4A88-9CBE-4883F8D81011}.Release|Any CPU.ActiveCfg = Release|Any CPU
		{49F248DE-29F6-4A88-9CBE-4883F8D81011}.Release|Any CPU.Build.0 = Release|Any CPU
		{41125622-B5BB-47EC-A85B-EA5B5CE897B6}.Debug|Any CPU.ActiveCfg = Debug|Any CPU
		{41125622-B5BB-47EC-A85B-EA5B5CE897B6}.Debug|Any CPU.Build.0 = Debug|Any CPU
		{41125622-B5BB-47EC-A85B-EA5B5CE897B6}.Release|Any CPU.ActiveCfg = Release|Any CPU
		{41125622-B5BB-47EC-A85B-EA5B5CE897B6}.Release|Any CPU.Build.0 = Release|Any CPU
		{9A2E97C7-E68D-4EEB-A9DE-58570C7BE4E5}.Debug|Any CPU.ActiveCfg = Debug|Any CPU
		{9A2E97C7-E68D-4EEB-A9DE-58570C7BE4E5}.Debug|Any CPU.Build.0 = Debug|Any CPU
		{9A2E97C7-E68D-4EEB-A9DE-58570C7BE4E5}.Release|Any CPU.ActiveCfg = Release|Any CPU
		{9A2E97C7-E68D-4EEB-A9DE-58570C7BE4E5}.Release|Any CPU.Build.0 = Release|Any CPU
		{623BE8A2-D567-49B9-BD57-7C3DDBDF67CC}.Debug|Any CPU.ActiveCfg = Debug|Any CPU
		{623BE8A2-D567-49B9-BD57-7C3DDBDF67CC}.Debug|Any CPU.Build.0 = Debug|Any CPU
		{623BE8A2-D567-49B9-BD57-7C3DDBDF67CC}.Release|Any CPU.ActiveCfg = Release|Any CPU
		{623BE8A2-D567-49B9-BD57-7C3DDBDF67CC}.Release|Any CPU.Build.0 = Release|Any CPU
		{82D8FB6C-34D2-43E8-9AC5-42C421A7EF5B}.Debug|Any CPU.ActiveCfg = Debug|Any CPU
		{82D8FB6C-34D2-43E8-9AC5-42C421A7EF5B}.Debug|Any CPU.Build.0 = Debug|Any CPU
		{82D8FB6C-34D2-43E8-9AC5-42C421A7EF5B}.Release|Any CPU.ActiveCfg = Release|Any CPU
		{82D8FB6C-34D2-43E8-9AC5-42C421A7EF5B}.Release|Any CPU.Build.0 = Release|Any CPU
		{CCB2B42A-97FA-4FBD-825C-CA0B12D43065}.Debug|Any CPU.ActiveCfg = Debug|Any CPU
		{CCB2B42A-97FA-4FBD-825C-CA0B12D43065}.Debug|Any CPU.Build.0 = Debug|Any CPU
		{CCB2B42A-97FA-4FBD-825C-CA0B12D43065}.Release|Any CPU.ActiveCfg = Release|Any CPU
		{CCB2B42A-97FA-4FBD-825C-CA0B12D43065}.Release|Any CPU.Build.0 = Release|Any CPU
		{DF586250-191E-485C-923F-E94D2AD4B04E}.Debug|Any CPU.ActiveCfg = Debug|Any CPU
		{DF586250-191E-485C-923F-E94D2AD4B04E}.Debug|Any CPU.Build.0 = Debug|Any CPU
		{DF586250-191E-485C-923F-E94D2AD4B04E}.Release|Any CPU.ActiveCfg = Release|Any CPU
		{DF586250-191E-485C-923F-E94D2AD4B04E}.Release|Any CPU.Build.0 = Release|Any CPU
		{6EBEBB16-8685-426D-ABD4-8D5AEA010FA4}.Debug|Any CPU.ActiveCfg = Debug|Any CPU
		{6EBEBB16-8685-426D-ABD4-8D5AEA010FA4}.Debug|Any CPU.Build.0 = Debug|Any CPU
		{6EBEBB16-8685-426D-ABD4-8D5AEA010FA4}.Release|Any CPU.ActiveCfg = Release|Any CPU
		{6EBEBB16-8685-426D-ABD4-8D5AEA010FA4}.Release|Any CPU.Build.0 = Release|Any CPU
	EndGlobalSection
EndGlobal
